
Microsoft Visual Studio Solution File, Format Version 12.00
# Visual Studio Version 16
VisualStudioVersion = 16.0.31205.134
MinimumVisualStudioVersion = 10.0.40219.1
Project("{FAE04EC0-301F-11D3-BF4B-00C04F79EFBC}") = "Asp.NetMvcCRUD", "Asp.NetMvcCRUD\Asp.NetMvcCRUD.csproj", "{A84C811D-EF63-4307-93FD-4BBA0587F2A9}"
EndProject
Global
	GlobalSection(SolutionConfigurationPlatforms) = preSolution
		Debug|Any CPU = Debug|Any CPU
		Release|Any CPU = Release|Any CPU
	EndGlobalSection
	GlobalSection(ProjectConfigurationPlatforms) = postSolution
		{A84C811D-EF63-4307-93FD-4BBA0587F2A9}.Debug|Any CPU.ActiveCfg = Debug|Any CPU
		{A84C811D-EF63-4307-93FD-4BBA0587F2A9}.Debug|Any CPU.Build.0 = Debug|Any CPU
		{A84C811D-EF63-4307-93FD-4BBA0587F2A9}.Release|Any CPU.ActiveCfg = Release|Any CPU
		{A84C811D-EF63-4307-93FD-4BBA0587F2A9}.Release|Any CPU.Build.0 = Release|Any CPU
	EndGlobalSection
	GlobalSection(SolutionProperties) = preSolution
		HideSolutionNode = FALSE
	EndGlobalSection
	GlobalSection(ExtensibilityGlobals) = postSolution
		SolutionGuid = {8F20B355-A450-444E-9864-7E3A234F33FE}
	EndGlobalSection
EndGlobal
